
Microsoft Visual Studio Solution File, Format Version 12.00
# Visual Studio Version 16
VisualStudioVersion = 16.0.34114.132
MinimumVisualStudioVersion = 10.0.40219.1
Project("{2150E333-8FDC-42A3-9474-1A3956D46DE8}") = "src", "src", "{2C339FBF-AE56-47BF-951E-836FA33EAC64}"
EndProject
Project("{2150E333-8FDC-42A3-9474-1A3956D46DE8}") = "services", "services", "{5A8ABD92-9314-4B0C-A93E-EE96E46C2535}"
EndProject
Project("{2150E333-8FDC-42A3-9474-1A3956D46DE8}") = "Carrinho", "Carrinho", "{4F1E1964-6C0D-4278-B004-6F785CE84CCF}"
EndProject
Project("{2150E333-8FDC-42A3-9474-1A3956D46DE8}") = "Catalogo", "Catalogo", "{A08207A4-6CF2-4004-BE80-B4D3175C71BC}"
EndProject
Project("{2150E333-8FDC-42A3-9474-1A3956D46DE8}") = "Cliente", "Cliente", "{17A63476-138D-41CD-A576-2D8A773157C6}"
EndProject
Project("{2150E333-8FDC-42A3-9474-1A3956D46DE8}") = "Identidade", "Identidade", "{95B14301-3F4E-4D3C-A393-18927FDC8D3A}"
EndProject
Project("{2150E333-8FDC-42A3-9474-1A3956D46DE8}") = "Pagamento", "Pagamento", "{2AB4A82D-C377-4B21-BA83-C6E6679D9F74}"
EndProject
Project("{2150E333-8FDC-42A3-9474-1A3956D46DE8}") = "Pedido", "Pedido", "{4C523D06-C250-447B-9975-7F9889C56A91}"
EndProject
Project("{2150E333-8FDC-42A3-9474-1A3956D46DE8}") = "building blocks", "building blocks", "{121FA2D8-334B-43F6-8B45-E33C8ED0C3BB}"
EndProject
Project("{2150E333-8FDC-42A3-9474-1A3956D46DE8}") = "web", "web", "{51FFBC44-911D-4887-88EA-A222FA7656F1}"
EndProject
Project("{FAE04EC0-301F-11D3-BF4B-00C04F79EFBC}") = "NSE.Carrinho.API", "src\services\NSE.Carrinho.API\NSE.Carrinho.API.csproj", "{1AF293D8-A46B-4AB5-90B8-206C92FCF1C1}"
EndProject
Project("{FAE04EC0-301F-11D3-BF4B-00C04F79EFBC}") = "NSE.Catalogo.API", "src\services\NSE.Catalogo.API\NSE.Catalogo.API.csproj", "{3B746720-828E-4091-8F3B-F7CDC6DF6627}"
EndProject
Project("{FAE04EC0-301F-11D3-BF4B-00C04F79EFBC}") = "NSE.Cliente.API", "src\services\NSE.Cliente.API\NSE.Cliente.API.csproj", "{4CFA8F43-7002-45BC-9032-AF26B43289B6}"
EndProject
Project("{FAE04EC0-301F-11D3-BF4B-00C04F79EFBC}") = "NSE.Identidade.API", "src\services\NSE.Identidade.API\NSE.Identidade.API.csproj", "{951EC52A-86D9-44D7-AB8A-536E4D77ECDB}"
EndProject
Project("{FAE04EC0-301F-11D3-BF4B-00C04F79EFBC}") = "NSE.Pagamento.API", "src\services\NSE.Pagamento.API\NSE.Pagamento.API.csproj", "{52D1143D-E099-4EEF-A841-3C943C760E57}"
EndProject
Project("{FAE04EC0-301F-11D3-BF4B-00C04F79EFBC}") = "NSE.Pedido.API", "src\services\NSE.Pedido.API\NSE.Pedido.API.csproj", "{9FABCF93-E808-4CDB-BC46-443652FE4F71}"
EndProject
Project("{FAE04EC0-301F-11D3-BF4B-00C04F79EFBC}") = "NSE.WebApp.MVC", "src\mvc\NSE.WebApp.MVC\NSE.WebApp.MVC.csproj", "{1E90E90E-217A-4674-8163-78A178EE9BEE}"
EndProject
Project("{FAE04EC0-301F-11D3-BF4B-00C04F79EFBC}") = "NSE.Core", "src\building blocks\NSE.Core\NSE.Core.csproj", "{8BECC80E-BB22-43B4-A3AF-725445127324}"
EndProject
Global
	GlobalSection(SolutionConfigurationPlatforms) = preSolution
		Debug|Any CPU = Debug|Any CPU
		Release|Any CPU = Release|Any CPU
	EndGlobalSection
	GlobalSection(ProjectConfigurationPlatforms) = postSolution
		{1AF293D8-A46B-4AB5-90B8-206C92FCF1C1}.Debug|Any CPU.ActiveCfg = Debug|Any CPU
		{1AF293D8-A46B-4AB5-90B8-206C92FCF1C1}.Debug|Any CPU.Build.0 = Debug|Any CPU
		{1AF293D8-A46B-4AB5-90B8-206C92FCF1C1}.Release|Any CPU.ActiveCfg = Release|Any CPU
		{1AF293D8-A46B-4AB5-90B8-206C92FCF1C1}.Release|Any CPU.Build.0 = Release|Any CPU
		{3B746720-828E-4091-8F3B-F7CDC6DF6627}.Debug|Any CPU.ActiveCfg = Debug|Any CPU
		{3B746720-828E-4091-8F3B-F7CDC6DF6627}.Debug|Any CPU.Build.0 = Debug|Any CPU
		{3B746720-828E-4091-8F3B-F7CDC6DF6627}.Release|Any CPU.ActiveCfg = Release|Any CPU
		{3B746720-828E-4091-8F3B-F7CDC6DF6627}.Release|Any CPU.Build.0 = Release|Any CPU
		{4CFA8F43-7002-45BC-9032-AF26B43289B6}.Debug|Any CPU.ActiveCfg = Debug|Any CPU
		{4CFA8F43-7002-45BC-9032-AF26B43289B6}.Debug|Any CPU.Build.0 = Debug|Any CPU
		{4CFA8F43-7002-45BC-9032-AF26B43289B6}.Release|Any CPU.ActiveCfg = Release|Any CPU
		{4CFA8F43-7002-45BC-9032-AF26B43289B6}.Release|Any CPU.Build.0 = Release|Any CPU
		{951EC52A-86D9-44D7-AB8A-536E4D77ECDB}.Debug|Any CPU.ActiveCfg = Debug|Any CPU
		{951EC52A-86D9-44D7-AB8A-536E4D77ECDB}.Debug|Any CPU.Build.0 = Debug|Any CPU
		{951EC52A-86D9-44D7-AB8A-536E4D77ECDB}.Release|Any CPU.ActiveCfg = Release|Any CPU
		{951EC52A-86D9-44D7-AB8A-536E4D77ECDB}.Release|Any CPU.Build.0 = Release|Any CPU
		{52D1143D-E099-4EEF-A841-3C943C760E57}.Debug|Any CPU.ActiveCfg = Debug|Any CPU
		{52D1143D-E099-4EEF-A841-3C943C760E57}.Debug|Any CPU.Build.0 = Debug|Any CPU
		{52D1143D-E099-4EEF-A841-3C943C760E57}.Release|Any CPU.ActiveCfg = Release|Any CPU
		{52D1143D-E099-4EEF-A841-3C943C760E57}.Release|Any CPU.Build.0 = Release|Any CPU
		{9FABCF93-E808-4CDB-BC46-443652FE4F71}.Debug|Any CPU.ActiveCfg = Debug|Any CPU
		{9FABCF93-E808-4CDB-BC46-443652FE4F71}.Debug|Any CPU.Build.0 = Debug|Any CPU
		{9FABCF93-E808-4CDB-BC46-443652FE4F71}.Release|Any CPU.ActiveCfg = Release|Any CPU
		{9FABCF93-E808-4CDB-BC46-443652FE4F71}.Release|Any CPU.Build.0 = Release|Any CPU
		{1E90E90E-217A-4674-8163-78A178EE9BEE}.Debug|Any CPU.ActiveCfg = Debug|Any CPU
		{1E90E90E-217A-4674-8163-78A178EE9BEE}.Debug|Any CPU.Build.0 = Debug|Any CPU
		{1E90E90E-217A-4674-8163-78A178EE9BEE}.Release|Any CPU.ActiveCfg = Release|Any CPU
		{1E90E90E-217A-4674-8163-78A178EE9BEE}.Release|Any CPU.Build.0 = Release|Any CPU
		{8BECC80E-BB22-43B4-A3AF-725445127324}.Debug|Any CPU.ActiveCfg = Debug|Any CPU
		{8BECC80E-BB22-43B4-A3AF-725445127324}.Debug|Any CPU.Build.0 = Debug|Any CPU
		{8BECC80E-BB22-43B4-A3AF-725445127324}.Release|Any CPU.ActiveCfg = Release|Any CPU
		{8BECC80E-BB22-43B4-A3AF-725445127324}.Release|Any CPU.Build.0 = Release|Any CPU
	EndGlobalSection
	GlobalSection(SolutionProperties) = preSolution
		HideSolutionNode = FALSE
	EndGlobalSection
	GlobalSection(NestedProjects) = preSolution
		{5A8ABD92-9314-4B0C-A93E-EE96E46C2535} = {2C339FBF-AE56-47BF-951E-836FA33EAC64}
		{4F1E1964-6C0D-4278-B004-6F785CE84CCF} = {5A8ABD92-9314-4B0C-A93E-EE96E46C2535}
		{A08207A4-6CF2-4004-BE80-B4D3175C71BC} = {5A8ABD92-9314-4B0C-A93E-EE96E46C2535}
		{17A63476-138D-41CD-A576-2D8A773157C6} = {5A8ABD92-9314-4B0C-A93E-EE96E46C2535}
		{95B14301-3F4E-4D3C-A393-18927FDC8D3A} = {5A8ABD92-9314-4B0C-A93E-EE96E46C2535}
		{2AB4A82D-C377-4B21-BA83-C6E6679D9F74} = {5A8ABD92-9314-4B0C-A93E-EE96E46C2535}
		{4C523D06-C250-447B-9975-7F9889C56A91} = {5A8ABD92-9314-4B0C-A93E-EE96E46C2535}
		{121FA2D8-334B-43F6-8B45-E33C8ED0C3BB} = {2C339FBF-AE56-47BF-951E-836FA33EAC64}
		{51FFBC44-911D-4887-88EA-A222FA7656F1} = {2C339FBF-AE56-47BF-951E-836FA33EAC64}
		{1AF293D8-A46B-4AB5-90B8-206C92FCF1C1} = {4F1E1964-6C0D-4278-B004-6F785CE84CCF}
		{3B746720-828E-4091-8F3B-F7CDC6DF6627} = {A08207A4-6CF2-4004-BE80-B4D3175C71BC}
		{4CFA8F43-7002-45BC-9032-AF26B43289B6} = {17A63476-138D-41CD-A576-2D8A773157C6}
		{951EC52A-86D9-44D7-AB8A-536E4D77ECDB} = {95B14301-3F4E-4D3C-A393-18927FDC8D3A}
		{52D1143D-E099-4EEF-A841-3C943C760E57} = {2AB4A82D-C377-4B21-BA83-C6E6679D9F74}
		{9FABCF93-E808-4CDB-BC46-443652FE4F71} = {4C523D06-C250-447B-9975-7F9889C56A91}
		{1E90E90E-217A-4674-8163-78A178EE9BEE} = {51FFBC44-911D-4887-88EA-A222FA7656F1}
		{8BECC80E-BB22-43B4-A3AF-725445127324} = {121FA2D8-334B-43F6-8B45-E33C8ED0C3BB}
	EndGlobalSection
	GlobalSection(ExtensibilityGlobals) = postSolution
		SolutionGuid = {9B8491A5-940A-4106-B049-BAB804C82D9E}
	EndGlobalSection
EndGlobal
