
Microsoft Visual Studio Solution File, Format Version 12.00
# Visual Studio Version 16
VisualStudioVersion = 16.0.34601.136
MinimumVisualStudioVersion = 10.0.40219.1
Project("{2150E333-8FDC-42A3-9474-1A3956D46DE8}") = "src", "src", "{6B099915-27F7-4353-9CDF-596BB0050050}"
EndProject
Project("{2150E333-8FDC-42A3-9474-1A3956D46DE8}") = "Building blocks", "Building blocks", "{7DD7BE73-A9B7-48A6-9DE1-E9DD5D91147E}"
EndProject
Project("{2150E333-8FDC-42A3-9474-1A3956D46DE8}") = "Services", "Services", "{04C410AD-09A7-4428-A3A1-83AEB00E5005}"
EndProject
Project("{2150E333-8FDC-42A3-9474-1A3956D46DE8}") = "Web", "Web", "{E9C3FD77-B11B-4A5D-9366-BE832CC8BA87}"
EndProject
Project("{2150E333-8FDC-42A3-9474-1A3956D46DE8}") = "Identidade", "Identidade", "{A9DC8C17-CC23-41FF-BBDC-95F3035854BB}"
EndProject
Project("{FAE04EC0-301F-11D3-BF4B-00C04F79EFBC}") = "NSE.Identidade.API", "src\services\NSE.Identidade.API\NSE.Identidade.API.csproj", "{B7987CFB-B72F-4602-B3BB-84451877A689}"
EndProject
Project("{2150E333-8FDC-42A3-9474-1A3956D46DE8}") = "MVC", "MVC", "{C518A3D0-E676-4FC2-B52F-730B53EE30CF}"
EndProject
Project("{FAE04EC0-301F-11D3-BF4B-00C04F79EFBC}") = "NSE.WebApp.MVC", "src\web\NSE.WebApp.MVC\NSE.WebApp.MVC.csproj", "{B5B2D9E4-F4D5-4ED7-858D-B43F39AD0820}"
EndProject
Project("{2150E333-8FDC-42A3-9474-1A3956D46DE8}") = "Core", "Core", "{F0D24A84-FC90-4932-B85D-9D762C5C1BD7}"
EndProject
Project("{FAE04EC0-301F-11D3-BF4B-00C04F79EFBC}") = "NSE.Core", "src\building blocks\NSE.Core\NSE.Core.csproj", "{4D38B44F-C0D4-45D8-960F-67F67F3F4D42}"
EndProject
Project("{2150E333-8FDC-42A3-9474-1A3956D46DE8}") = "Carrinho", "Carrinho", "{2E243948-BDCD-4011-AE9C-BE6B59AB0494}"
EndProject
Project("{2150E333-8FDC-42A3-9474-1A3956D46DE8}") = "Catalogo", "Catalogo", "{9ECC7F67-EC36-41CA-9A0D-DC6BAED8D9BB}"
EndProject
Project("{2150E333-8FDC-42A3-9474-1A3956D46DE8}") = "Cliente", "Cliente", "{3900A0A8-F681-4D62-879D-F11992399533}"
EndProject
Project("{2150E333-8FDC-42A3-9474-1A3956D46DE8}") = "Pagamento", "Pagamento", "{D2330630-5DE7-4C43-AE1D-5CC43D99D538}"
EndProject
Project("{2150E333-8FDC-42A3-9474-1A3956D46DE8}") = "Pedido", "Pedido", "{7AA23C2A-B1B8-48F2-8647-CD4D6626E545}"
EndProject
Project("{FAE04EC0-301F-11D3-BF4B-00C04F79EFBC}") = "NSE.Carrinho.API", "src\services\NSE.Carrinho.API\NSE.Carrinho.API.csproj", "{BAAF6341-CE48-4BA6-999D-68F8C740C666}"
EndProject
Project("{FAE04EC0-301F-11D3-BF4B-00C04F79EFBC}") = "NSE.Catalogo.API", "src\services\NSE.Catalogo.API\NSE.Catalogo.API.csproj", "{ACBAA69E-DB0D-4C72-B2E0-765A7F4D4F98}"
EndProject
Project("{FAE04EC0-301F-11D3-BF4B-00C04F79EFBC}") = "NSE.Cliente.API", "src\services\NSE.Cliente.API\NSE.Cliente.API.csproj", "{16D614C2-247E-433E-A45D-1C829E6AA059}"
EndProject
Project("{FAE04EC0-301F-11D3-BF4B-00C04F79EFBC}") = "NSE.Pagamento.API", "src\services\NSE.Pagamento.API\NSE.Pagamento.API.csproj", "{CC3AD30B-2EB0-4B0A-8F5D-40B1BE1C41DB}"
EndProject
Project("{FAE04EC0-301F-11D3-BF4B-00C04F79EFBC}") = "NSE.Pedido.API", "src\services\NSE.Pedido.API\NSE.Pedido.API.csproj", "{D5E82AB6-670A-4354-A39E-F2655CA49ECE}"
EndProject
Global
	GlobalSection(SolutionConfigurationPlatforms) = preSolution
		Debug|Any CPU = Debug|Any CPU
		Release|Any CPU = Release|Any CPU
	EndGlobalSection
	GlobalSection(ProjectConfigurationPlatforms) = postSolution
		{B7987CFB-B72F-4602-B3BB-84451877A689}.Debug|Any CPU.ActiveCfg = Debug|Any CPU
		{B7987CFB-B72F-4602-B3BB-84451877A689}.Debug|Any CPU.Build.0 = Debug|Any CPU
		{B7987CFB-B72F-4602-B3BB-84451877A689}.Release|Any CPU.ActiveCfg = Release|Any CPU
		{B7987CFB-B72F-4602-B3BB-84451877A689}.Release|Any CPU.Build.0 = Release|Any CPU
		{B5B2D9E4-F4D5-4ED7-858D-B43F39AD0820}.Debug|Any CPU.ActiveCfg = Debug|Any CPU
		{B5B2D9E4-F4D5-4ED7-858D-B43F39AD0820}.Debug|Any CPU.Build.0 = Debug|Any CPU
		{B5B2D9E4-F4D5-4ED7-858D-B43F39AD0820}.Release|Any CPU.ActiveCfg = Release|Any CPU
		{B5B2D9E4-F4D5-4ED7-858D-B43F39AD0820}.Release|Any CPU.Build.0 = Release|Any CPU
		{4D38B44F-C0D4-45D8-960F-67F67F3F4D42}.Debug|Any CPU.ActiveCfg = Debug|Any CPU
		{4D38B44F-C0D4-45D8-960F-67F67F3F4D42}.Debug|Any CPU.Build.0 = Debug|Any CPU
		{4D38B44F-C0D4-45D8-960F-67F67F3F4D42}.Release|Any CPU.ActiveCfg = Release|Any CPU
		{4D38B44F-C0D4-45D8-960F-67F67F3F4D42}.Release|Any CPU.Build.0 = Release|Any CPU
		{BAAF6341-CE48-4BA6-999D-68F8C740C666}.Debug|Any CPU.ActiveCfg = Debug|Any CPU
		{BAAF6341-CE48-4BA6-999D-68F8C740C666}.Debug|Any CPU.Build.0 = Debug|Any CPU
		{BAAF6341-CE48-4BA6-999D-68F8C740C666}.Release|Any CPU.ActiveCfg = Release|Any CPU
		{BAAF6341-CE48-4BA6-999D-68F8C740C666}.Release|Any CPU.Build.0 = Release|Any CPU
		{ACBAA69E-DB0D-4C72-B2E0-765A7F4D4F98}.Debug|Any CPU.ActiveCfg = Debug|Any CPU
		{ACBAA69E-DB0D-4C72-B2E0-765A7F4D4F98}.Debug|Any CPU.Build.0 = Debug|Any CPU
		{ACBAA69E-DB0D-4C72-B2E0-765A7F4D4F98}.Release|Any CPU.ActiveCfg = Release|Any CPU
		{ACBAA69E-DB0D-4C72-B2E0-765A7F4D4F98}.Release|Any CPU.Build.0 = Release|Any CPU
		{16D614C2-247E-433E-A45D-1C829E6AA059}.Debug|Any CPU.ActiveCfg = Debug|Any CPU
		{16D614C2-247E-433E-A45D-1C829E6AA059}.Debug|Any CPU.Build.0 = Debug|Any CPU
		{16D614C2-247E-433E-A45D-1C829E6AA059}.Release|Any CPU.ActiveCfg = Release|Any CPU
		{16D614C2-247E-433E-A45D-1C829E6AA059}.Release|Any CPU.Build.0 = Release|Any CPU
		{CC3AD30B-2EB0-4B0A-8F5D-40B1BE1C41DB}.Debug|Any CPU.ActiveCfg = Debug|Any CPU
		{CC3AD30B-2EB0-4B0A-8F5D-40B1BE1C41DB}.Debug|Any CPU.Build.0 = Debug|Any CPU
		{CC3AD30B-2EB0-4B0A-8F5D-40B1BE1C41DB}.Release|Any CPU.ActiveCfg = Release|Any CPU
		{CC3AD30B-2EB0-4B0A-8F5D-40B1BE1C41DB}.Release|Any CPU.Build.0 = Release|Any CPU
		{D5E82AB6-670A-4354-A39E-F2655CA49ECE}.Debug|Any CPU.ActiveCfg = Debug|Any CPU
		{D5E82AB6-670A-4354-A39E-F2655CA49ECE}.Debug|Any CPU.Build.0 = Debug|Any CPU
		{D5E82AB6-670A-4354-A39E-F2655CA49ECE}.Release|Any CPU.ActiveCfg = Release|Any CPU
		{D5E82AB6-670A-4354-A39E-F2655CA49ECE}.Release|Any CPU.Build.0 = Release|Any CPU
	EndGlobalSection
	GlobalSection(SolutionProperties) = preSolution
		HideSolutionNode = FALSE
	EndGlobalSection
	GlobalSection(NestedProjects) = preSolution
		{7DD7BE73-A9B7-48A6-9DE1-E9DD5D91147E} = {6B099915-27F7-4353-9CDF-596BB0050050}
		{04C410AD-09A7-4428-A3A1-83AEB00E5005} = {6B099915-27F7-4353-9CDF-596BB0050050}
		{E9C3FD77-B11B-4A5D-9366-BE832CC8BA87} = {6B099915-27F7-4353-9CDF-596BB0050050}
		{A9DC8C17-CC23-41FF-BBDC-95F3035854BB} = {04C410AD-09A7-4428-A3A1-83AEB00E5005}
		{B7987CFB-B72F-4602-B3BB-84451877A689} = {A9DC8C17-CC23-41FF-BBDC-95F3035854BB}
		{C518A3D0-E676-4FC2-B52F-730B53EE30CF} = {E9C3FD77-B11B-4A5D-9366-BE832CC8BA87}
		{B5B2D9E4-F4D5-4ED7-858D-B43F39AD0820} = {C518A3D0-E676-4FC2-B52F-730B53EE30CF}
		{F0D24A84-FC90-4932-B85D-9D762C5C1BD7} = {7DD7BE73-A9B7-48A6-9DE1-E9DD5D91147E}
		{4D38B44F-C0D4-45D8-960F-67F67F3F4D42} = {F0D24A84-FC90-4932-B85D-9D762C5C1BD7}
		{2E243948-BDCD-4011-AE9C-BE6B59AB0494} = {04C410AD-09A7-4428-A3A1-83AEB00E5005}
		{9ECC7F67-EC36-41CA-9A0D-DC6BAED8D9BB} = {04C410AD-09A7-4428-A3A1-83AEB00E5005}
		{3900A0A8-F681-4D62-879D-F11992399533} = {04C410AD-09A7-4428-A3A1-83AEB00E5005}
		{D2330630-5DE7-4C43-AE1D-5CC43D99D538} = {04C410AD-09A7-4428-A3A1-83AEB00E5005}
		{7AA23C2A-B1B8-48F2-8647-CD4D6626E545} = {04C410AD-09A7-4428-A3A1-83AEB00E5005}
		{BAAF6341-CE48-4BA6-999D-68F8C740C666} = {2E243948-BDCD-4011-AE9C-BE6B59AB0494}
		{ACBAA69E-DB0D-4C72-B2E0-765A7F4D4F98} = {9ECC7F67-EC36-41CA-9A0D-DC6BAED8D9BB}
		{16D614C2-247E-433E-A45D-1C829E6AA059} = {3900A0A8-F681-4D62-879D-F11992399533}
		{CC3AD30B-2EB0-4B0A-8F5D-40B1BE1C41DB} = {D2330630-5DE7-4C43-AE1D-5CC43D99D538}
		{D5E82AB6-670A-4354-A39E-F2655CA49ECE} = {7AA23C2A-B1B8-48F2-8647-CD4D6626E545}
	EndGlobalSection
	GlobalSection(ExtensibilityGlobals) = postSolution
		SolutionGuid = {BBBB99A5-7F05-4466-8247-909893A39620}
	EndGlobalSection
EndGlobal
